// !$*UTF8*$!
{
	archiveVersion = 1;
	classes = {
	};
	objectVersion = 46;
	objects = {

/* Begin PBXBuildFile section */
		B926605A1ECDBDEE003A1372 /* main.m in Sources */ = {isa = PBXBuildFile; fileRef = B92660591ECDBDEE003A1372 /* main.m */; };
		B926605D1ECDBDEE003A1372 /* AppDelegate.m in Sources */ = {isa = PBXBuildFile; fileRef = B926605C1ECDBDEE003A1372 /* AppDelegate.m */; };
		B92660601ECDBDEE003A1372 /* ViewController.m in Sources */ = {isa = PBXBuildFile; fileRef = B926605F1ECDBDEE003A1372 /* ViewController.m */; };
		B92660631ECDBDEE003A1372 /* Main.storyboard in Resources */ = {isa = PBXBuildFile; fileRef = B92660611ECDBDEE003A1372 /* Main.storyboard */; };
		B92660651ECDBDEE003A1372 /* Assets.xcassets in Resources */ = {isa = PBXBuildFile; fileRef = B92660641ECDBDEE003A1372 /* Assets.xcassets */; };
		B92660681ECDBDEE003A1372 /* LaunchScreen.storyboard in Resources */ = {isa = PBXBuildFile; fileRef = B92660661ECDBDEE003A1372 /* LaunchScreen.storyboard */; };
		B92660731ECDBDEE003A1372 /* FQ_CodeTextViewUITests.m in Sources */ = {isa = PBXBuildFile; fileRef = B92660721ECDBDEE003A1372 /* FQ_CodeTextViewUITests.m */; };
		B92660821ECDBE2F003A1372 /* FQ_TextView.m in Sources */ = {isa = PBXBuildFile; fileRef = B926607F1ECDBE2F003A1372 /* FQ_TextView.m */; };
		B92660831ECDBE2F003A1372 /* VerificationCodeView.m in Sources */ = {isa = PBXBuildFile; fileRef = B92660811ECDBE2F003A1372 /* VerificationCodeView.m */; };
/* End PBXBuildFile section */

/* Begin PBXContainerItemProxy section */
		B926606F1ECDBDEE003A1372 /* PBXContainerItemProxy */ = {
			isa = PBXContainerItemProxy;
			containerPortal = B926604D1ECDBDEE003A1372 /* Project object */;
			proxyType = 1;
			remoteGlobalIDString = B92660541ECDBDEE003A1372;
			remoteInfo = FQ_CodeTextView;
		};
/* End PBXContainerItemProxy section */

/* Begin PBXFileReference section */
		B92660551ECDBDEE003A1372 /* FQ_CodeTextView.app */ = {isa = PBXFileReference; explicitFileType = wrapper.application; includeInIndex = 0; path = FQ_CodeTextView.app; sourceTree = BUILT_PRODUCTS_DIR; };
		B92660591ECDBDEE003A1372 /* main.m */ = {isa = PBXFileReference; lastKnownFileType = sourcecode.c.objc; path = main.m; sourceTree = "<group>"; };
		B926605B1ECDBDEE003A1372 /* AppDelegate.h */ = {isa = PBXFileReference; lastKnownFileType = sourcecode.c.h; path = AppDelegate.h; sourceTree = "<group>"; };
		B926605C1ECDBDEE003A1372 /* AppDelegate.m */ = {isa = PBXFileReference; lastKnownFileType = sourcecode.c.objc; path = AppDelegate.m; sourceTree = "<group>"; };
		B926605E1ECDBDEE003A1372 /* ViewController.h */ = {isa = PBXFileReference; lastKnownFileType = sourcecode.c.h; path = ViewController.h; sourceTree = "<group>"; };
		B926605F1ECDBDEE003A1372 /* ViewController.m */ = {isa = PBXFileReference; lastKnownFileType = sourcecode.c.objc; path = ViewController.m; sourceTree = "<group>"; };
		B92660621ECDBDEE003A1372 /* Base */ = {isa = PBXFileReference; lastKnownFileType = file.storyboard; name = Base; path = Base.lproj/Main.storyboard; sourceTree = "<group>"; };
		B92660641ECDBDEE003A1372 /* Assets.xcassets */ = {isa = PBXFileReference; lastKnownFileType = folder.assetcatalog; path = Assets.xcassets; sourceTree = "<group>"; };
		B92660671ECDBDEE003A1372 /* Base */ = {isa = PBXFileReference; lastKnownFileType = file.storyboard; name = Base; path = Base.lproj/LaunchScreen.storyboard; sourceTree = "<group>"; };
		B92660691ECDBDEE003A1372 /* Info.plist */ = {isa = PBXFileReference; lastKnownFileType = text.plist.xml; path = Info.plist; sourceTree = "<group>"; };
		B926606E1ECDBDEE003A1372 /* FQ_CodeTextViewUITests.xctest */ = {isa = PBXFileReference; explicitFileType = wrapper.cfbundle; includeInIndex = 0; path = FQ_CodeTextViewUITests.xctest; sourceTree = BUILT_PRODUCTS_DIR; };
		B92660721ECDBDEE003A1372 /* FQ_CodeTextViewUITests.m */ = {isa = PBXFileReference; lastKnownFileType = sourcecode.c.objc; path = FQ_CodeTextViewUITests.m; sourceTree = "<group>"; };
		B92660741ECDBDEE003A1372 /* Info.plist */ = {isa = PBXFileReference; lastKnownFileType = text.plist.xml; path = Info.plist; sourceTree = "<group>"; };
		B926607E1ECDBE2F003A1372 /* FQ_TextView.h */ = {isa = PBXFileReference; fileEncoding = 4; lastKnownFileType = sourcecode.c.h; path = FQ_TextView.h; sourceTree = "<group>"; };
		B926607F1ECDBE2F003A1372 /* FQ_TextView.m */ = {isa = PBXFileReference; fileEncoding = 4; lastKnownFileType = sourcecode.c.objc; path = FQ_TextView.m; sourceTree = "<group>"; };
		B92660801ECDBE2F003A1372 /* VerificationCodeView.h */ = {isa = PBXFileReference; fileEncoding = 4; lastKnownFileType = sourcecode.c.h; path = VerificationCodeView.h; sourceTree = "<group>"; };
		B92660811ECDBE2F003A1372 /* VerificationCodeView.m */ = {isa = PBXFileReference; fileEncoding = 4; lastKnownFileType = sourcecode.c.objc; path = VerificationCodeView.m; sourceTree = "<group>"; };
/* End PBXFileReference section */

/* Begin PBXFrameworksBuildPhase section */
		B92660521ECDBDEE003A1372 /* Frameworks */ = {
			isa = PBXFrameworksBuildPhase;
			buildActionMask = 2147483647;
			files = (
			);
			runOnlyForDeploymentPostprocessing = 0;
		};
		B926606B1ECDBDEE003A1372 /* Frameworks */ = {
			isa = PBXFrameworksBuildPhase;
			buildActionMask = 2147483647;
			files = (
			);
			runOnlyForDeploymentPostprocessing = 0;
		};
/* End PBXFrameworksBuildPhase section */

/* Begin PBXGroup section */
		B926604C1ECDBDEE003A1372 = {
			isa = PBXGroup;
			children = (
				B92660571ECDBDEE003A1372 /* FQ_CodeTextView */,
				B92660711ECDBDEE003A1372 /* FQ_CodeTextViewUITests */,
				B92660561ECDBDEE003A1372 /* Products */,
			);
			sourceTree = "<group>";
		};
		B92660561ECDBDEE003A1372 /* Products */ = {
			isa = PBXGroup;
			children = (
				B92660551ECDBDEE003A1372 /* FQ_CodeTextView.app */,
				B926606E1ECDBDEE003A1372 /* FQ_CodeTextViewUITests.xctest */,
			);
			name = Products;
			sourceTree = "<group>";
		};
		B92660571ECDBDEE003A1372 /* FQ_CodeTextView */ = {
			isa = PBXGroup;
			children = (
				B926605B1ECDBDEE003A1372 /* AppDelegate.h */,
				B926605C1ECDBDEE003A1372 /* AppDelegate.m */,
				B926605E1ECDBDEE003A1372 /* ViewController.h */,
				B926605F1ECDBDEE003A1372 /* ViewController.m */,
				B926607D1ECDBE2F003A1372 /* FQ_CodeTextView */,
				B92660611ECDBDEE003A1372 /* Main.storyboard */,
				B92660641ECDBDEE003A1372 /* Assets.xcassets */,
				B92660661ECDBDEE003A1372 /* LaunchScreen.storyboard */,
				B92660691ECDBDEE003A1372 /* Info.plist */,
				B92660581ECDBDEE003A1372 /* Supporting Files */,
			);
			path = FQ_CodeTextView;
			sourceTree = "<group>";
		};
		B92660581ECDBDEE003A1372 /* Supporting Files */ = {
			isa = PBXGroup;
			children = (
				B92660591ECDBDEE003A1372 /* main.m */,
			);
			name = "Supporting Files";
			sourceTree = "<group>";
		};
		B92660711ECDBDEE003A1372 /* FQ_CodeTextViewUITests */ = {
			isa = PBXGroup;
			children = (
				B92660721ECDBDEE003A1372 /* FQ_CodeTextViewUITests.m */,
				B92660741ECDBDEE003A1372 /* Info.plist */,
			);
			path = FQ_CodeTextViewUITests;
			sourceTree = "<group>";
		};
		B926607D1ECDBE2F003A1372 /* FQ_CodeTextView */ = {
			isa = PBXGroup;
			children = (
				B926607E1ECDBE2F003A1372 /* FQ_TextView.h */,
				B926607F1ECDBE2F003A1372 /* FQ_TextView.m */,
				B92660801ECDBE2F003A1372 /* VerificationCodeView.h */,
				B92660811ECDBE2F003A1372 /* VerificationCodeView.m */,
			);
			path = FQ_CodeTextView;
			sourceTree = "<group>";
		};
/* End PBXGroup section */

/* Begin PBXNativeTarget section */
		B92660541ECDBDEE003A1372 /* FQ_CodeTextView */ = {
			isa = PBXNativeTarget;
			buildConfigurationList = B92660771ECDBDEE003A1372 /* Build configuration list for PBXNativeTarget "FQ_CodeTextView" */;
			buildPhases = (
				B92660511ECDBDEE003A1372 /* Sources */,
				B92660521ECDBDEE003A1372 /* Frameworks */,
				B92660531ECDBDEE003A1372 /* Resources */,
			);
			buildRules = (
			);
			dependencies = (
			);
			name = FQ_CodeTextView;
			productName = FQ_CodeTextView;
			productReference = B92660551ECDBDEE003A1372 /* FQ_CodeTextView.app */;
			productType = "com.apple.product-type.application";
		};
		B926606D1ECDBDEE003A1372 /* FQ_CodeTextViewUITests */ = {
			isa = PBXNativeTarget;
			buildConfigurationList = B926607A1ECDBDEE003A1372 /* Build configuration list for PBXNativeTarget "FQ_CodeTextViewUITests" */;
			buildPhases = (
				B926606A1ECDBDEE003A1372 /* Sources */,
				B926606B1ECDBDEE003A1372 /* Frameworks */,
				B926606C1ECDBDEE003A1372 /* Resources */,
			);
			buildRules = (
			);
			dependencies = (
				B92660701ECDBDEE003A1372 /* PBXTargetDependency */,
			);
			name = FQ_CodeTextViewUITests;
			productName = FQ_CodeTextViewUITests;
			productReference = B926606E1ECDBDEE003A1372 /* FQ_CodeTextViewUITests.xctest */;
			productType = "com.apple.product-type.bundle.ui-testing";
		};
/* End PBXNativeTarget section */

/* Begin PBXProject section */
		B926604D1ECDBDEE003A1372 /* Project object */ = {
			isa = PBXProject;
			attributes = {
				LastUpgradeCheck = 0800;
				ORGANIZATIONNAME = "范奇";
				TargetAttributes = {
					B92660541ECDBDEE003A1372 = {
						CreatedOnToolsVersion = 8.0;
						ProvisioningStyle = Automatic;
					};
					B926606D1ECDBDEE003A1372 = {
						CreatedOnToolsVersion = 8.0;
						ProvisioningStyle = Automatic;
						TestTargetID = B92660541ECDBDEE003A1372;
					};
				};
			};
			buildConfigurationList = B92660501ECDBDEE003A1372 /* Build configuration list for PBXProject "FQ_CodeTextView" */;
			compatibilityVersion = "Xcode 3.2";
			developmentRegion = English;
			hasScannedForEncodings = 0;
			knownRegions = (
				en,
				Base,
			);
			mainGroup = B926604C1ECDBDEE003A1372;
			productRefGroup = B92660561ECDBDEE003A1372 /* Products */;
			projectDirPath = "";
			projectRoot = "";
			targets = (
				B92660541ECDBDEE003A1372 /* FQ_CodeTextView */,
				B926606D1ECDBDEE003A1372 /* FQ_CodeTextViewUITests */,
			);
		};
/* End PBXProject section */

/* Begin PBXResourcesBuildPhase section */
		B92660531ECDBDEE003A1372 /* Resources */ = {
			isa = PBXResourcesBuildPhase;
			buildActionMask = 2147483647;
			files = (
				B92660681ECDBDEE003A1372 /* LaunchScreen.storyboard in Resources */,
				B92660651ECDBDEE003A1372 /* Assets.xcassets in Resources */,
				B92660631ECDBDEE003A1372 /* Main.storyboard in Resources */,
			);
			runOnlyForDeploymentPostprocessing = 0;
		};
		B926606C1ECDBDEE003A1372 /* Resources */ = {
			isa = PBXResourcesBuildPhase;
			buildActionMask = 2147483647;
			files = (
			);
			runOnlyForDeploymentPostprocessing = 0;
		};
/* End PBXResourcesBuildPhase section */

/* Begin PBXSourcesBuildPhase section */
		B92660511ECDBDEE003A1372 /* Sources */ = {
			isa = PBXSourcesBuildPhase;
			buildActionMask = 2147483647;
			files = (
				B92660831ECDBE2F003A1372 /* VerificationCodeView.m in Sources */,
				B92660601ECDBDEE003A1372 /* ViewController.m in Sources */,
				B926605D1ECDBDEE003A1372 /* AppDelegate.m in Sources */,
				B92660821ECDBE2F003A1372 /* FQ_TextView.m in Sources */,
				B926605A1ECDBDEE003A1372 /* main.m in Sources */,
			);
			runOnlyForDeploymentPostprocessing = 0;
		};
		B926606A1ECDBDEE003A1372 /* Sources */ = {
			isa = PBXSourcesBuildPhase;
			buildActionMask = 2147483647;
			files = (
				B92660731ECDBDEE003A1372 /* FQ_CodeTextViewUITests.m in Sources */,
			);
			runOnlyForDeploymentPostprocessing = 0;
		};
/* End PBXSourcesBuildPhase section */

/* Begin PBXTargetDependency section */
		B92660701ECDBDEE003A1372 /* PBXTargetDependency */ = {
			isa = PBXTargetDependency;
			target = B92660541ECDBDEE003A1372 /* FQ_CodeTextView */;
			targetProxy = B926606F1ECDBDEE003A1372 /* PBXContainerItemProxy */;
		};
/* End PBXTargetDependency section */

/* Begin PBXVariantGroup section */
		B92660611ECDBDEE003A1372 /* Main.storyboard */ = {
			isa = PBXVariantGroup;
			children = (
				B92660621ECDBDEE003A1372 /* Base */,
			);
			name = Main.storyboard;
			sourceTree = "<group>";
		};
		B92660661ECDBDEE003A1372 /* LaunchScreen.storyboard */ = {
			isa = PBXVariantGroup;
			children = (
				B92660671ECDBDEE003A1372 /* Base */,
			);
			name = LaunchScreen.storyboard;
			sourceTree = "<group>";
		};
/* End PBXVariantGroup section */

/* Begin XCBuildConfiguration section */
		B92660751ECDBDEE003A1372 /* Debug */ = {
			isa = XCBuildConfiguration;
			buildSettings = {
				ALWAYS_SEARCH_USER_PATHS = NO;
				CLANG_ANALYZER_NONNULL = YES;
				CLANG_CXX_LANGUAGE_STANDARD = "gnu++0x";
				CLANG_CXX_LIBRARY = "libc++";
				CLANG_ENABLE_MODULES = YES;
				CLANG_ENABLE_OBJC_ARC = YES;
				CLANG_WARN_BOOL_CONVERSION = YES;
				CLANG_WARN_CONSTANT_CONVERSION = YES;
				CLANG_WARN_DIRECT_OBJC_ISA_USAGE = YES_ERROR;
				CLANG_WARN_DOCUMENTATION_COMMENTS = YES;
				CLANG_WARN_EMPTY_BODY = YES;
				CLANG_WARN_ENUM_CONVERSION = YES;
				CLANG_WARN_INFINITE_RECURSION = YES;
				CLANG_WARN_INT_CONVERSION = YES;
				CLANG_WARN_OBJC_ROOT_CLASS = YES_ERROR;
				CLANG_WARN_SUSPICIOUS_MOVES = YES;
				CLANG_WARN_UNREACHABLE_CODE = YES;
				CLANG_WARN__DUPLICATE_METHOD_MATCH = YES;
				"CODE_SIGN_IDENTITY[sdk=iphoneos*]" = "iPhone Developer";
				COPY_PHASE_STRIP = NO;
				DEBUG_INFORMATION_FORMAT = dwarf;
				ENABLE_STRICT_OBJC_MSGSEND = YES;
				ENABLE_TESTABILITY = YES;
				GCC_C_LANGUAGE_STANDARD = gnu99;
				GCC_DYNAMIC_NO_PIC = NO;
				GCC_NO_COMMON_BLOCKS = YES;
				GCC_OPTIMIZATION_LEVEL = 0;
				GCC_PREPROCESSOR_DEFINITIONS = (
					"DEBUG=1",
					"$(inherited)",
				);
				GCC_WARN_64_TO_32_BIT_CONVERSION = YES;
				GCC_WARN_ABOUT_RETURN_TYPE = YES_ERROR;
				GCC_WARN_UNDECLARED_SELECTOR = YES;
				GCC_WARN_UNINITIALIZED_AUTOS = YES_AGGRESSIVE;
				GCC_WARN_UNUSED_FUNCTION = YES;
				GCC_WARN_UNUSED_VARIABLE = YES;
				IPHONEOS_DEPLOYMENT_TARGET = 10.0;
				MTL_ENABLE_DEBUG_INFO = YES;
				ONLY_ACTIVE_ARCH = YES;
				SDKROOT = iphoneos;
			};
			name = Debug;
		};
		B92660761ECDBDEE003A1372 /* Release */ = {
			isa = XCBuildConfiguration;
			buildSettings = {
				ALWAYS_SEARCH_USER_PATHS = NO;
				CLANG_ANALYZER_NONNULL = YES;
				CLANG_CXX_LANGUAGE_STANDARD = "gnu++0x";
				CLANG_CXX_LIBRARY = "libc++";
				CLANG_ENABLE_MODULES = YES;
				CLANG_ENABLE_OBJC_ARC = YES;
				CLANG_WARN_BOOL_CONVERSION = YES;
				CLANG_WARN_CONSTANT_CONVERSION = YES;
				CLANG_WARN_DIRECT_OBJC_ISA_USAGE = YES_ERROR;
				CLANG_WARN_DOCUMENTATION_COMMENTS = YES;
				CLANG_WARN_EMPTY_BODY = YES;
				CLANG_WARN_ENUM_CONVERSION = YES;
				CLANG_WARN_INFINITE_RECURSION = YES;
				CLANG_WARN_INT_CONVERSION = YES;
				CLANG_WARN_OBJC_ROOT_CLASS = YES_ERROR;
				CLANG_WARN_SUSPICIOUS_MOVES = YES;
				CLANG_WARN_UNREACHABLE_CODE = YES;
				CLANG_WARN__DUPLICATE_METHOD_MATCH = YES;
				"CODE_SIGN_IDENTITY[sdk=iphoneos*]" = "iPhone Developer";
				COPY_PHASE_STRIP = NO;
				DEBUG_INFORMATION_FORMAT = "dwarf-with-dsym";
				ENABLE_NS_ASSERTIONS = NO;
				ENABLE_STRICT_OBJC_MSGSEND = YES;
				GCC_C_LANGUAGE_STANDARD = gnu99;
				GCC_NO_COMMON_BLOCKS = YES;
				GCC_WARN_64_TO_32_BIT_CONVERSION = YES;
				GCC_WARN_ABOUT_RETURN_TYPE = YES_ERROR;
				GCC_WARN_UNDECLARED_SELECTOR = YES;
				GCC_WARN_UNINITIALIZED_AUTOS = YES_AGGRESSIVE;
				GCC_WARN_UNUSED_FUNCTION = YES;
				GCC_WARN_UNUSED_VARIABLE = YES;
				IPHONEOS_DEPLOYMENT_TARGET = 10.0;
				MTL_ENABLE_DEBUG_INFO = NO;
				SDKROOT = iphoneos;
				VALIDATE_PRODUCT = YES;
			};
			name = Release;
		};
		B92660781ECDBDEE003A1372 /* Debug */ = {
			isa = XCBuildConfiguration;
			buildSettings = {
				ASSETCATALOG_COMPILER_APPICON_NAME = AppIcon;
				INFOPLIST_FILE = FQ_CodeTextView/Info.plist;
				LD_RUNPATH_SEARCH_PATHS = "$(inherited) @executable_path/Frameworks";
				PRODUCT_BUNDLE_IDENTIFIER = "cn.fanqi.FQ-CodeTextView";
				PRODUCT_NAME = "$(TARGET_NAME)";
			};
			name = Debug;
		};
		B92660791ECDBDEE003A1372 /* Release */ = {
			isa = XCBuildConfiguration;
			buildSettings = {
				ASSETCATALOG_COMPILER_APPICON_NAME = AppIcon;
				INFOPLIST_FILE = FQ_CodeTextView/Info.plist;
				LD_RUNPATH_SEARCH_PATHS = "$(inherited) @executable_path/Frameworks";
				PRODUCT_BUNDLE_IDENTIFIER = "cn.fanqi.FQ-CodeTextView";
				PRODUCT_NAME = "$(TARGET_NAME)";
			};
			name = Release;
		};
		B926607B1ECDBDEE003A1372 /* Debug */ = {
			isa = XCBuildConfiguration;
			buildSettings = {
				INFOPLIST_FILE = FQ_CodeTextViewUITests/Info.plist;
				LD_RUNPATH_SEARCH_PATHS = "$(inherited) @executable_path/Frameworks @loader_path/Frameworks";
				PRODUCT_BUNDLE_IDENTIFIER = "cn.fanqi.FQ-CodeTextViewUITests";
				PRODUCT_NAME = "$(TARGET_NAME)";
				TEST_TARGET_NAME = FQ_CodeTextView;
			};
			name = Debug;
		};
		B926607C1ECDBDEE003A1372 /* Release */ = {
			isa = XCBuildConfiguration;
			buildSettings = {
				INFOPLIST_FILE = FQ_CodeTextViewUITests/Info.plist;
				LD_RUNPATH_SEARCH_PATHS = "$(inherited) @executable_path/Frameworks @loader_path/Frameworks";
				PRODUCT_BUNDLE_IDENTIFIER = "cn.fanqi.FQ-CodeTextViewUITests";
				PRODUCT_NAME = "$(TARGET_NAME)";
				TEST_TARGET_NAME = FQ_CodeTextView;
			};
			name = Release;
		};
/* End XCBuildConfiguration section */

/* Begin XCConfigurationList section */
		B92660501ECDBDEE003A1372 /* Build configuration list for PBXProject "FQ_CodeTextView" */ = {
			isa = XCConfigurationList;
			buildConfigurations = (
				B92660751ECDBDEE003A1372 /* Debug */,
				B92660761ECDBDEE003A1372 /* Release */,
			);
			defaultConfigurationIsVisible = 0;
			defaultConfigurationName = Release;
		};
		B92660771ECDBDEE003A1372 /* Build configuration list for PBXNativeTarget "FQ_CodeTextView" */ = {
			isa = XCConfigurationList;
			buildConfigurations = (
				B92660781ECDBDEE003A1372 /* Debug */,
				B92660791ECDBDEE003A1372 /* Release */,
			);
			defaultConfigurationIsVisible = 0;
		};
		B926607A1ECDBDEE003A1372 /* Build configuration list for PBXNativeTarget "FQ_CodeTextViewUITests" */ = {
			isa = XCConfigurationList;
			buildConfigurations = (
				B926607B1ECDBDEE003A1372 /* Debug */,
				B926607C1ECDBDEE003A1372 /* Release */,
			);
			defaultConfigurationIsVisible = 0;
		};
/* End XCConfigurationList section */
	};
	rootObject = B926604D1ECDBDEE003A1372 /* Project object */;
}
